// !$*UTF8*$!
{
	archiveVersion = 1;
	classes = {
	};
	objectVersion = 56;
	objects = {

/* Begin PBXBuildFile section */
		EC0650922A90DCB800ED62B5 /* FavoriteCell.swift in Sources */ = {isa = PBXBuildFile; fileRef = EC0650912A90DCB800ED62B5 /* FavoriteCell.swift */; };
		EC51E94B2A72F323001194E1 /* AppDelegate.swift in Sources */ = {isa = PBXBuildFile; fileRef = EC51E94A2A72F323001194E1 /* AppDelegate.swift */; };
		EC51E94D2A72F323001194E1 /* SceneDelegate.swift in Sources */ = {isa = PBXBuildFile; fileRef = EC51E94C2A72F323001194E1 /* SceneDelegate.swift */; };
		EC51E9542A72F325001194E1 /* Assets.xcassets in Resources */ = {isa = PBXBuildFile; fileRef = EC51E9532A72F325001194E1 /* Assets.xcassets */; };
		EC51E9572A72F325001194E1 /* LaunchScreen.storyboard in Resources */ = {isa = PBXBuildFile; fileRef = EC51E9552A72F325001194E1 /* LaunchScreen.storyboard */; };
		EC51E95F2A72F411001194E1 /* GFTabBarController.swift in Sources */ = {isa = PBXBuildFile; fileRef = EC51E95E2A72F411001194E1 /* GFTabBarController.swift */; };
		EC51E9612A72F49A001194E1 /* SearchVC.swift in Sources */ = {isa = PBXBuildFile; fileRef = EC51E9602A72F49A001194E1 /* SearchVC.swift */; };
		EC51E9632A72F4BF001194E1 /* FavoritesListVC.swift in Sources */ = {isa = PBXBuildFile; fileRef = EC51E9622A72F4BF001194E1 /* FavoritesListVC.swift */; };
		EC51E96A2A73A407001194E1 /* FollowerListVC.swift in Sources */ = {isa = PBXBuildFile; fileRef = EC51E9692A73A407001194E1 /* FollowerListVC.swift */; };
		EC51E96C2A73A421001194E1 /* UserInfoVC.swift in Sources */ = {isa = PBXBuildFile; fileRef = EC51E96B2A73A421001194E1 /* UserInfoVC.swift */; };
		EC51E96F2A73B75D001194E1 /* ErrorMessage.swift in Sources */ = {isa = PBXBuildFile; fileRef = EC51E96E2A73B75D001194E1 /* ErrorMessage.swift */; };
		EC51E9712A73BAD0001194E1 /* UIHelper.swift in Sources */ = {isa = PBXBuildFile; fileRef = EC51E9702A73BAD0001194E1 /* UIHelper.swift */; };
		EC51E9732A73C0D7001194E1 /* Constants.swift in Sources */ = {isa = PBXBuildFile; fileRef = EC51E9722A73C0D7001194E1 /* Constants.swift */; };
		EC51E9792A73C551001194E1 /* User.swift in Sources */ = {isa = PBXBuildFile; fileRef = EC51E9782A73C551001194E1 /* User.swift */; };
		EC51E97B2A73C682001194E1 /* Follower.swift in Sources */ = {isa = PBXBuildFile; fileRef = EC51E97A2A73C682001194E1 /* Follower.swift */; };
		EC51E9842A742EBC001194E1 /* GFButton.swift in Sources */ = {isa = PBXBuildFile; fileRef = EC51E9832A742EBC001194E1 /* GFButton.swift */; };
		EC51E9862A7433EA001194E1 /* GFTextField.swift in Sources */ = {isa = PBXBuildFile; fileRef = EC51E9852A7433EA001194E1 /* GFTextField.swift */; };
		EC51E9892A745789001194E1 /* SnapKit in Frameworks */ = {isa = PBXBuildFile; productRef = EC51E9882A745789001194E1 /* SnapKit */; };
		EC83D49C2A75072D00138F9B /* GFTitleLabel.swift in Sources */ = {isa = PBXBuildFile; fileRef = EC83D49B2A75072D00138F9B /* GFTitleLabel.swift */; };
		EC83D49E2A7512E300138F9B /* GFBodyLabel.swift in Sources */ = {isa = PBXBuildFile; fileRef = EC83D49D2A7512E300138F9B /* GFBodyLabel.swift */; };
		EC841D7C2A8B7F23006EFCF6 /* GFItemInfoView.swift in Sources */ = {isa = PBXBuildFile; fileRef = EC841D7B2A8B7F23006EFCF6 /* GFItemInfoView.swift */; };
		EC841D7E2A8BBB30006EFCF6 /* GFItemInfoVC.swift in Sources */ = {isa = PBXBuildFile; fileRef = EC841D7D2A8BBB30006EFCF6 /* GFItemInfoVC.swift */; };
		EC841D802A8BDF17006EFCF6 /* GFRepoItemVC.swift in Sources */ = {isa = PBXBuildFile; fileRef = EC841D7F2A8BDF17006EFCF6 /* GFRepoItemVC.swift */; };
		EC841D822A8BE645006EFCF6 /* GFFollowerItemVC.swift in Sources */ = {isa = PBXBuildFile; fileRef = EC841D812A8BE645006EFCF6 /* GFFollowerItemVC.swift */; };
		EC841D872A8CBE65006EFCF6 /* String+Ext.swift in Sources */ = {isa = PBXBuildFile; fileRef = EC841D862A8CBE65006EFCF6 /* String+Ext.swift */; };
		EC841D892A8CBF05006EFCF6 /* Date+Ext.swift in Sources */ = {isa = PBXBuildFile; fileRef = EC841D882A8CBF05006EFCF6 /* Date+Ext.swift */; };
		EC8F9E652A75140300EF8D87 /* GFAlertVC.swift in Sources */ = {isa = PBXBuildFile; fileRef = EC8F9E642A75140300EF8D87 /* GFAlertVC.swift */; };
		EC8F9E672A751D8B00EF8D87 /* GFAlertContainerView.swift in Sources */ = {isa = PBXBuildFile; fileRef = EC8F9E662A751D8B00EF8D87 /* GFAlertContainerView.swift */; };
		EC8F9E692A7521F300EF8D87 /* UIView+Ext.swift in Sources */ = {isa = PBXBuildFile; fileRef = EC8F9E682A7521F300EF8D87 /* UIView+Ext.swift */; };
		EC8F9E6B2A7534B200EF8D87 /* UIViewController+Ext.swift in Sources */ = {isa = PBXBuildFile; fileRef = EC8F9E6A2A7534B200EF8D87 /* UIViewController+Ext.swift */; };
		EC8F9E6D2A76AB6F00EF8D87 /* NetworkManager.swift in Sources */ = {isa = PBXBuildFile; fileRef = EC8F9E6C2A76AB6F00EF8D87 /* NetworkManager.swift */; };
		EC8F9E6F2A7716C400EF8D87 /* GFAvatarImageView.swift in Sources */ = {isa = PBXBuildFile; fileRef = EC8F9E6E2A7716C400EF8D87 /* GFAvatarImageView.swift */; };
		EC8F9E712A7783CD00EF8D87 /* FollowerCell.swift in Sources */ = {isa = PBXBuildFile; fileRef = EC8F9E702A7783CD00EF8D87 /* FollowerCell.swift */; };
		EC8F9E732A78017E00EF8D87 /* PersistenceManager.swift in Sources */ = {isa = PBXBuildFile; fileRef = EC8F9E722A78017E00EF8D87 /* PersistenceManager.swift */; };
		EC8F9E752A78ECEE00EF8D87 /* GFEmptyStateView.swift in Sources */ = {isa = PBXBuildFile; fileRef = EC8F9E742A78ECEE00EF8D87 /* GFEmptyStateView.swift */; };
		EC8F9E772A79A5F700EF8D87 /* GFDataLoadingVC.swift in Sources */ = {isa = PBXBuildFile; fileRef = EC8F9E762A79A5F700EF8D87 /* GFDataLoadingVC.swift */; };
		EC8F9E7D2A7D3D8C00EF8D87 /* GFSecondaryLabel.swift in Sources */ = {isa = PBXBuildFile; fileRef = EC8F9E7C2A7D3D8C00EF8D87 /* GFSecondaryLabel.swift */; };
		EC8F9E7F2A7D69E900EF8D87 /* GFUserInfoHeaderVC.swift in Sources */ = {isa = PBXBuildFile; fileRef = EC8F9E7E2A7D69E900EF8D87 /* GFUserInfoHeaderVC.swift */; };
/* End PBXBuildFile section */

/* Begin PBXFileReference section */
		EC0650912A90DCB800ED62B5 /* FavoriteCell.swift */ = {isa = PBXFileReference; lastKnownFileType = sourcecode.swift; path = FavoriteCell.swift; sourceTree = "<group>"; };
		EC51E9472A72F323001194E1 /* GithubApp.app */ = {isa = PBXFileReference; explicitFileType = wrapper.application; includeInIndex = 0; path = GithubApp.app; sourceTree = BUILT_PRODUCTS_DIR; };
		EC51E94A2A72F323001194E1 /* AppDelegate.swift */ = {isa = PBXFileReference; lastKnownFileType = sourcecode.swift; path = AppDelegate.swift; sourceTree = "<group>"; };
		EC51E94C2A72F323001194E1 /* SceneDelegate.swift */ = {isa = PBXFileReference; lastKnownFileType = sourcecode.swift; path = SceneDelegate.swift; sourceTree = "<group>"; };
		EC51E9532A72F325001194E1 /* Assets.xcassets */ = {isa = PBXFileReference; lastKnownFileType = folder.assetcatalog; path = Assets.xcassets; sourceTree = "<group>"; };
		EC51E9562A72F325001194E1 /* Base */ = {isa = PBXFileReference; lastKnownFileType = file.storyboard; name = Base; path = Base.lproj/LaunchScreen.storyboard; sourceTree = "<group>"; };
		EC51E9582A72F325001194E1 /* Info.plist */ = {isa = PBXFileReference; lastKnownFileType = text.plist.xml; path = Info.plist; sourceTree = "<group>"; };
		EC51E95E2A72F411001194E1 /* GFTabBarController.swift */ = {isa = PBXFileReference; lastKnownFileType = sourcecode.swift; path = GFTabBarController.swift; sourceTree = "<group>"; };
		EC51E9602A72F49A001194E1 /* SearchVC.swift */ = {isa = PBXFileReference; lastKnownFileType = sourcecode.swift; path = SearchVC.swift; sourceTree = "<group>"; };
		EC51E9622A72F4BF001194E1 /* FavoritesListVC.swift */ = {isa = PBXFileReference; lastKnownFileType = sourcecode.swift; path = FavoritesListVC.swift; sourceTree = "<group>"; };
		EC51E9692A73A407001194E1 /* FollowerListVC.swift */ = {isa = PBXFileReference; lastKnownFileType = sourcecode.swift; path = FollowerListVC.swift; sourceTree = "<group>"; };
		EC51E96B2A73A421001194E1 /* UserInfoVC.swift */ = {isa = PBXFileReference; lastKnownFileType = sourcecode.swift; path = UserInfoVC.swift; sourceTree = "<group>"; };
		EC51E96E2A73B75D001194E1 /* ErrorMessage.swift */ = {isa = PBXFileReference; lastKnownFileType = sourcecode.swift; path = ErrorMessage.swift; sourceTree = "<group>"; };
		EC51E9702A73BAD0001194E1 /* UIHelper.swift */ = {isa = PBXFileReference; lastKnownFileType = sourcecode.swift; path = UIHelper.swift; sourceTree = "<group>"; };
		EC51E9722A73C0D7001194E1 /* Constants.swift */ = {isa = PBXFileReference; lastKnownFileType = sourcecode.swift; path = Constants.swift; sourceTree = "<group>"; };
		EC51E9782A73C551001194E1 /* User.swift */ = {isa = PBXFileReference; lastKnownFileType = sourcecode.swift; path = User.swift; sourceTree = "<group>"; };
		EC51E97A2A73C682001194E1 /* Follower.swift */ = {isa = PBXFileReference; lastKnownFileType = sourcecode.swift; path = Follower.swift; sourceTree = "<group>"; };
		EC51E9832A742EBC001194E1 /* GFButton.swift */ = {isa = PBXFileReference; lastKnownFileType = sourcecode.swift; path = GFButton.swift; sourceTree = "<group>"; };
		EC51E9852A7433EA001194E1 /* GFTextField.swift */ = {isa = PBXFileReference; lastKnownFileType = sourcecode.swift; path = GFTextField.swift; sourceTree = "<group>"; };
		EC83D49B2A75072D00138F9B /* GFTitleLabel.swift */ = {isa = PBXFileReference; lastKnownFileType = sourcecode.swift; path = GFTitleLabel.swift; sourceTree = "<group>"; };
		EC83D49D2A7512E300138F9B /* GFBodyLabel.swift */ = {isa = PBXFileReference; lastKnownFileType = sourcecode.swift; path = GFBodyLabel.swift; sourceTree = "<group>"; };
		EC841D7B2A8B7F23006EFCF6 /* GFItemInfoView.swift */ = {isa = PBXFileReference; lastKnownFileType = sourcecode.swift; path = GFItemInfoView.swift; sourceTree = "<group>"; };
		EC841D7D2A8BBB30006EFCF6 /* GFItemInfoVC.swift */ = {isa = PBXFileReference; lastKnownFileType = sourcecode.swift; path = GFItemInfoVC.swift; sourceTree = "<group>"; };
		EC841D7F2A8BDF17006EFCF6 /* GFRepoItemVC.swift */ = {isa = PBXFileReference; lastKnownFileType = sourcecode.swift; path = GFRepoItemVC.swift; sourceTree = "<group>"; };
		EC841D812A8BE645006EFCF6 /* GFFollowerItemVC.swift */ = {isa = PBXFileReference; lastKnownFileType = sourcecode.swift; path = GFFollowerItemVC.swift; sourceTree = "<group>"; };
		EC841D862A8CBE65006EFCF6 /* String+Ext.swift */ = {isa = PBXFileReference; lastKnownFileType = sourcecode.swift; path = "String+Ext.swift"; sourceTree = "<group>"; };
		EC841D882A8CBF05006EFCF6 /* Date+Ext.swift */ = {isa = PBXFileReference; lastKnownFileType = sourcecode.swift; path = "Date+Ext.swift"; sourceTree = "<group>"; };
		EC8F9E642A75140300EF8D87 /* GFAlertVC.swift */ = {isa = PBXFileReference; lastKnownFileType = sourcecode.swift; path = GFAlertVC.swift; sourceTree = "<group>"; };
		EC8F9E662A751D8B00EF8D87 /* GFAlertContainerView.swift */ = {isa = PBXFileReference; lastKnownFileType = sourcecode.swift; path = GFAlertContainerView.swift; sourceTree = "<group>"; };
		EC8F9E682A7521F300EF8D87 /* UIView+Ext.swift */ = {isa = PBXFileReference; lastKnownFileType = sourcecode.swift; path = "UIView+Ext.swift"; sourceTree = "<group>"; };
		EC8F9E6A2A7534B200EF8D87 /* UIViewController+Ext.swift */ = {isa = PBXFileReference; lastKnownFileType = sourcecode.swift; path = "UIViewController+Ext.swift"; sourceTree = "<group>"; };
		EC8F9E6C2A76AB6F00EF8D87 /* NetworkManager.swift */ = {isa = PBXFileReference; lastKnownFileType = sourcecode.swift; path = NetworkManager.swift; sourceTree = "<group>"; };
		EC8F9E6E2A7716C400EF8D87 /* GFAvatarImageView.swift */ = {isa = PBXFileReference; lastKnownFileType = sourcecode.swift; path = GFAvatarImageView.swift; sourceTree = "<group>"; };
		EC8F9E702A7783CD00EF8D87 /* FollowerCell.swift */ = {isa = PBXFileReference; lastKnownFileType = sourcecode.swift; path = FollowerCell.swift; sourceTree = "<group>"; };
		EC8F9E722A78017E00EF8D87 /* PersistenceManager.swift */ = {isa = PBXFileReference; lastKnownFileType = sourcecode.swift; path = PersistenceManager.swift; sourceTree = "<group>"; };
		EC8F9E742A78ECEE00EF8D87 /* GFEmptyStateView.swift */ = {isa = PBXFileReference; lastKnownFileType = sourcecode.swift; path = GFEmptyStateView.swift; sourceTree = "<group>"; };
		EC8F9E762A79A5F700EF8D87 /* GFDataLoadingVC.swift */ = {isa = PBXFileReference; lastKnownFileType = sourcecode.swift; path = GFDataLoadingVC.swift; sourceTree = "<group>"; };
		EC8F9E7C2A7D3D8C00EF8D87 /* GFSecondaryLabel.swift */ = {isa = PBXFileReference; lastKnownFileType = sourcecode.swift; path = GFSecondaryLabel.swift; sourceTree = "<group>"; };
		EC8F9E7E2A7D69E900EF8D87 /* GFUserInfoHeaderVC.swift */ = {isa = PBXFileReference; lastKnownFileType = sourcecode.swift; path = GFUserInfoHeaderVC.swift; sourceTree = "<group>"; };
/* End PBXFileReference section */

/* Begin PBXFrameworksBuildPhase section */
		EC51E9442A72F323001194E1 /* Frameworks */ = {
			isa = PBXFrameworksBuildPhase;
			buildActionMask = 2147483647;
			files = (
				EC51E9892A745789001194E1 /* SnapKit in Frameworks */,
			);
			runOnlyForDeploymentPostprocessing = 0;
		};
/* End PBXFrameworksBuildPhase section */

/* Begin PBXGroup section */
		EC51E93E2A72F323001194E1 = {
			isa = PBXGroup;
			children = (
				EC51E9492A72F323001194E1 /* GithubApp */,
				EC51E9482A72F323001194E1 /* Products */,
			);
			sourceTree = "<group>";
		};
		EC51E9482A72F323001194E1 /* Products */ = {
			isa = PBXGroup;
			children = (
				EC51E9472A72F323001194E1 /* GithubApp.app */,
			);
			name = Products;
			sourceTree = "<group>";
		};
		EC51E9492A72F323001194E1 /* GithubApp */ = {
			isa = PBXGroup;
			children = (
				EC51E96D2A73A47F001194E1 /* Utils */,
				EC51E9742A73C3B0001194E1 /* Managers */,
				EC51E9762A73C46D001194E1 /* Models */,
				EC51E9772A73C485001194E1 /* Extensions */,
				EC51E9752A73C464001194E1 /* Customviews */,
				EC51E9662A73A3B3001194E1 /* Screens */,
				EC51E9642A72F4C2001194E1 /* Support */,
			);
			path = GithubApp;
			sourceTree = "<group>";
		};
		EC51E9642A72F4C2001194E1 /* Support */ = {
			isa = PBXGroup;
			children = (
				EC51E9652A72F4E5001194E1 /* Delegate */,
				EC51E9552A72F325001194E1 /* LaunchScreen.storyboard */,
				EC51E9532A72F325001194E1 /* Assets.xcassets */,
				EC51E9582A72F325001194E1 /* Info.plist */,
			);
			path = Support;
			sourceTree = "<group>";
		};
		EC51E9652A72F4E5001194E1 /* Delegate */ = {
			isa = PBXGroup;
			children = (
				EC51E94A2A72F323001194E1 /* AppDelegate.swift */,
				EC51E94C2A72F323001194E1 /* SceneDelegate.swift */,
			);
			path = Delegate;
			sourceTree = "<group>";
		};
		EC51E9662A73A3B3001194E1 /* Screens */ = {
			isa = PBXGroup;
			children = (
				EC51E9602A72F49A001194E1 /* SearchVC.swift */,
				EC51E9692A73A407001194E1 /* FollowerListVC.swift */,
				EC51E96B2A73A421001194E1 /* UserInfoVC.swift */,
				EC51E9622A72F4BF001194E1 /* FavoritesListVC.swift */,
			);
			path = Screens;
			sourceTree = "<group>";
		};
		EC51E9672A73A3BE001194E1 /* TabBarController */ = {
			isa = PBXGroup;
			children = (
				EC51E95E2A72F411001194E1 /* GFTabBarController.swift */,
			);
			path = TabBarController;
			sourceTree = "<group>";
		};
		EC51E96D2A73A47F001194E1 /* Utils */ = {
			isa = PBXGroup;
			children = (
				EC51E96E2A73B75D001194E1 /* ErrorMessage.swift */,
				EC51E9702A73BAD0001194E1 /* UIHelper.swift */,
				EC51E9722A73C0D7001194E1 /* Constants.swift */,
			);
			path = Utils;
			sourceTree = "<group>";
		};
		EC51E9742A73C3B0001194E1 /* Managers */ = {
			isa = PBXGroup;
			children = (
				EC8F9E6C2A76AB6F00EF8D87 /* NetworkManager.swift */,
				EC8F9E722A78017E00EF8D87 /* PersistenceManager.swift */,
			);
			path = Managers;
			sourceTree = "<group>";
		};
		EC51E9752A73C464001194E1 /* Customviews */ = {
			isa = PBXGroup;
			children = (
				EC51E9812A742BB9001194E1 /* Labels */,
				EC51E9802A742BAF001194E1 /* TextFields */,
				EC51E97F2A742B9D001194E1 /* Buttons */,
				EC51E97E2A742B91001194E1 /* ImageViews */,
				EC51E97D2A742B88001194E1 /* Views */,
				EC51E97C2A742B78001194E1 /* ViewControllers */,
				EC51E9822A742BC7001194E1 /* Cells */,
				EC51E9672A73A3BE001194E1 /* TabBarController */,
			);
			path = Customviews;
			sourceTree = "<group>";
		};
		EC51E9762A73C46D001194E1 /* Models */ = {
			isa = PBXGroup;
			children = (
				EC51E9782A73C551001194E1 /* User.swift */,
				EC51E97A2A73C682001194E1 /* Follower.swift */,
			);
			path = Models;
			sourceTree = "<group>";
		};
		EC51E9772A73C485001194E1 /* Extensions */ = {
			isa = PBXGroup;
			children = (
				EC8F9E682A7521F300EF8D87 /* UIView+Ext.swift */,
				EC8F9E6A2A7534B200EF8D87 /* UIViewController+Ext.swift */,
				EC841D862A8CBE65006EFCF6 /* String+Ext.swift */,
				EC841D882A8CBF05006EFCF6 /* Date+Ext.swift */,
			);
			path = Extensions;
			sourceTree = "<group>";
		};
		EC51E97C2A742B78001194E1 /* ViewControllers */ = {
			isa = PBXGroup;
			children = (
				EC841D832A8BE78D006EFCF6 /* ItemInfoVCs */,
				EC8F9E642A75140300EF8D87 /* GFAlertVC.swift */,
				EC8F9E7E2A7D69E900EF8D87 /* GFUserInfoHeaderVC.swift */,
			);
			path = ViewControllers;
			sourceTree = "<group>";
		};
		EC51E97D2A742B88001194E1 /* Views */ = {
			isa = PBXGroup;
			children = (
				EC8F9E662A751D8B00EF8D87 /* GFAlertContainerView.swift */,
				EC8F9E742A78ECEE00EF8D87 /* GFEmptyStateView.swift */,
				EC841D7B2A8B7F23006EFCF6 /* GFItemInfoView.swift */,
			);
			path = Views;
			sourceTree = "<group>";
		};
		EC51E97E2A742B91001194E1 /* ImageViews */ = {
			isa = PBXGroup;
			children = (
				EC8F9E6E2A7716C400EF8D87 /* GFAvatarImageView.swift */,
			);
			path = ImageViews;
			sourceTree = "<group>";
		};
		EC51E97F2A742B9D001194E1 /* Buttons */ = {
			isa = PBXGroup;
			children = (
				EC51E9832A742EBC001194E1 /* GFButton.swift */,
			);
			path = Buttons;
			sourceTree = "<group>";
		};
		EC51E9802A742BAF001194E1 /* TextFields */ = {
			isa = PBXGroup;
			children = (
				EC51E9852A7433EA001194E1 /* GFTextField.swift */,
			);
			path = TextFields;
			sourceTree = "<group>";
		};
		EC51E9812A742BB9001194E1 /* Labels */ = {
			isa = PBXGroup;
			children = (
				EC83D49B2A75072D00138F9B /* GFTitleLabel.swift */,
				EC83D49D2A7512E300138F9B /* GFBodyLabel.swift */,
				EC8F9E7C2A7D3D8C00EF8D87 /* GFSecondaryLabel.swift */,
			);
			path = Labels;
			sourceTree = "<group>";
		};
		EC51E9822A742BC7001194E1 /* Cells */ = {
			isa = PBXGroup;
			children = (
				EC8F9E702A7783CD00EF8D87 /* FollowerCell.swift */,
				EC0650912A90DCB800ED62B5 /* FavoriteCell.swift */,
			);
			path = Cells;
			sourceTree = "<group>";
		};
		EC841D832A8BE78D006EFCF6 /* ItemInfoVCs */ = {
			isa = PBXGroup;
			children = (
				EC841D7D2A8BBB30006EFCF6 /* GFItemInfoVC.swift */,
				EC841D7F2A8BDF17006EFCF6 /* GFRepoItemVC.swift */,
				EC841D812A8BE645006EFCF6 /* GFFollowerItemVC.swift */,
				EC8F9E762A79A5F700EF8D87 /* GFDataLoadingVC.swift */,
			);
			path = ItemInfoVCs;
			sourceTree = "<group>";
		};
/* End PBXGroup section */

/* Begin PBXNativeTarget section */
		EC51E9462A72F323001194E1 /* GithubApp */ = {
			isa = PBXNativeTarget;
			buildConfigurationList = EC51E95B2A72F325001194E1 /* Build configuration list for PBXNativeTarget "GithubApp" */;
			buildPhases = (
				EC51E9432A72F323001194E1 /* Sources */,
				EC51E9442A72F323001194E1 /* Frameworks */,
				EC51E9452A72F323001194E1 /* Resources */,
			);
			buildRules = (
			);
			dependencies = (
			);
			name = GithubApp;
			packageProductDependencies = (
				EC51E9882A745789001194E1 /* SnapKit */,
			);
			productName = GithubApp;
			productReference = EC51E9472A72F323001194E1 /* GithubApp.app */;
			productType = "com.apple.product-type.application";
		};
/* End PBXNativeTarget section */

/* Begin PBXProject section */
		EC51E93F2A72F323001194E1 /* Project object */ = {
			isa = PBXProject;
			attributes = {
				BuildIndependentTargetsInParallel = 1;
				LastSwiftUpdateCheck = 1410;
				LastUpgradeCheck = 1410;
				TargetAttributes = {
					EC51E9462A72F323001194E1 = {
						CreatedOnToolsVersion = 14.1;
					};
				};
			};
			buildConfigurationList = EC51E9422A72F323001194E1 /* Build configuration list for PBXProject "GithubApp" */;
			compatibilityVersion = "Xcode 14.0";
			developmentRegion = en;
			hasScannedForEncodings = 0;
			knownRegions = (
				en,
				Base,
			);
			mainGroup = EC51E93E2A72F323001194E1;
			packageReferences = (
				EC51E9872A745789001194E1 /* XCRemoteSwiftPackageReference "SnapKit" */,
			);
			productRefGroup = EC51E9482A72F323001194E1 /* Products */;
			projectDirPath = "";
			projectRoot = "";
			targets = (
				EC51E9462A72F323001194E1 /* GithubApp */,
			);
		};
/* End PBXProject section */

/* Begin PBXResourcesBuildPhase section */
		EC51E9452A72F323001194E1 /* Resources */ = {
			isa = PBXResourcesBuildPhase;
			buildActionMask = 2147483647;
			files = (
				EC51E9572A72F325001194E1 /* LaunchScreen.storyboard in Resources */,
				EC51E9542A72F325001194E1 /* Assets.xcassets in Resources */,
			);
			runOnlyForDeploymentPostprocessing = 0;
		};
/* End PBXResourcesBuildPhase section */

/* Begin PBXSourcesBuildPhase section */
		EC51E9432A72F323001194E1 /* Sources */ = {
			isa = PBXSourcesBuildPhase;
			buildActionMask = 2147483647;
			files = (
				EC8F9E752A78ECEE00EF8D87 /* GFEmptyStateView.swift in Sources */,
				EC8F9E672A751D8B00EF8D87 /* GFAlertContainerView.swift in Sources */,
				EC0650922A90DCB800ED62B5 /* FavoriteCell.swift in Sources */,
				EC51E96A2A73A407001194E1 /* FollowerListVC.swift in Sources */,
				EC8F9E6F2A7716C400EF8D87 /* GFAvatarImageView.swift in Sources */,
				EC8F9E772A79A5F700EF8D87 /* GFDataLoadingVC.swift in Sources */,
				EC8F9E732A78017E00EF8D87 /* PersistenceManager.swift in Sources */,
				EC841D7E2A8BBB30006EFCF6 /* GFItemInfoVC.swift in Sources */,
				EC8F9E6B2A7534B200EF8D87 /* UIViewController+Ext.swift in Sources */,
				EC8F9E7D2A7D3D8C00EF8D87 /* GFSecondaryLabel.swift in Sources */,
				EC8F9E6D2A76AB6F00EF8D87 /* NetworkManager.swift in Sources */,
				EC51E9632A72F4BF001194E1 /* FavoritesListVC.swift in Sources */,
				EC51E9862A7433EA001194E1 /* GFTextField.swift in Sources */,
				EC83D49C2A75072D00138F9B /* GFTitleLabel.swift in Sources */,
				EC51E95F2A72F411001194E1 /* GFTabBarController.swift in Sources */,
				EC8F9E692A7521F300EF8D87 /* UIView+Ext.swift in Sources */,
				EC51E9612A72F49A001194E1 /* SearchVC.swift in Sources */,
				EC841D822A8BE645006EFCF6 /* GFFollowerItemVC.swift in Sources */,
				EC51E96F2A73B75D001194E1 /* ErrorMessage.swift in Sources */,
				EC83D49E2A7512E300138F9B /* GFBodyLabel.swift in Sources */,
				EC841D892A8CBF05006EFCF6 /* Date+Ext.swift in Sources */,
				EC51E9732A73C0D7001194E1 /* Constants.swift in Sources */,
				EC8F9E712A7783CD00EF8D87 /* FollowerCell.swift in Sources */,
				EC841D872A8CBE65006EFCF6 /* String+Ext.swift in Sources */,
				EC51E9712A73BAD0001194E1 /* UIHelper.swift in Sources */,
				EC841D7C2A8B7F23006EFCF6 /* GFItemInfoView.swift in Sources */,
				EC51E97B2A73C682001194E1 /* Follower.swift in Sources */,
				EC51E96C2A73A421001194E1 /* UserInfoVC.swift in Sources */,
				EC51E94B2A72F323001194E1 /* AppDelegate.swift in Sources */,
				EC51E94D2A72F323001194E1 /* SceneDelegate.swift in Sources */,
				EC841D802A8BDF17006EFCF6 /* GFRepoItemVC.swift in Sources */,
				EC8F9E652A75140300EF8D87 /* GFAlertVC.swift in Sources */,
				EC8F9E7F2A7D69E900EF8D87 /* GFUserInfoHeaderVC.swift in Sources */,
				EC51E9842A742EBC001194E1 /* GFButton.swift in Sources */,
				EC51E9792A73C551001194E1 /* User.swift in Sources */,
			);
			runOnlyForDeploymentPostprocessing = 0;
		};
/* End PBXSourcesBuildPhase section */

/* Begin PBXVariantGroup section */
		EC51E9552A72F325001194E1 /* LaunchScreen.storyboard */ = {
			isa = PBXVariantGroup;
			children = (
				EC51E9562A72F325001194E1 /* Base */,
			);
			name = LaunchScreen.storyboard;
			sourceTree = "<group>";
		};
/* End PBXVariantGroup section */

/* Begin XCBuildConfiguration section */
		EC51E9592A72F325001194E1 /* Debug */ = {
			isa = XCBuildConfiguration;
			buildSettings = {
				ALWAYS_SEARCH_USER_PATHS = NO;
				CLANG_ANALYZER_NONNULL = YES;
				CLANG_ANALYZER_NUMBER_OBJECT_CONVERSION = YES_AGGRESSIVE;
				CLANG_CXX_LANGUAGE_STANDARD = "gnu++20";
				CLANG_ENABLE_MODULES = YES;
				CLANG_ENABLE_OBJC_ARC = YES;
				CLANG_ENABLE_OBJC_WEAK = YES;
				CLANG_WARN_BLOCK_CAPTURE_AUTORELEASING = YES;
				CLANG_WARN_BOOL_CONVERSION = YES;
				CLANG_WARN_COMMA = YES;
				CLANG_WARN_CONSTANT_CONVERSION = YES;
				CLANG_WARN_DEPRECATED_OBJC_IMPLEMENTATIONS = YES;
				CLANG_WARN_DIRECT_OBJC_ISA_USAGE = YES_ERROR;
				CLANG_WARN_DOCUMENTATION_COMMENTS = YES;
				CLANG_WARN_EMPTY_BODY = YES;
				CLANG_WARN_ENUM_CONVERSION = YES;
				CLANG_WARN_INFINITE_RECURSION = YES;
				CLANG_WARN_INT_CONVERSION = YES;
				CLANG_WARN_NON_LITERAL_NULL_CONVERSION = YES;
				CLANG_WARN_OBJC_IMPLICIT_RETAIN_SELF = YES;
				CLANG_WARN_OBJC_LITERAL_CONVERSION = YES;
				CLANG_WARN_OBJC_ROOT_CLASS = YES_ERROR;
				CLANG_WARN_QUOTED_INCLUDE_IN_FRAMEWORK_HEADER = YES;
				CLANG_WARN_RANGE_LOOP_ANALYSIS = YES;
				CLANG_WARN_STRICT_PROTOTYPES = YES;
				CLANG_WARN_SUSPICIOUS_MOVE = YES;
				CLANG_WARN_UNGUARDED_AVAILABILITY = YES_AGGRESSIVE;
				CLANG_WARN_UNREACHABLE_CODE = YES;
				CLANG_WARN__DUPLICATE_METHOD_MATCH = YES;
				COPY_PHASE_STRIP = NO;
				DEBUG_INFORMATION_FORMAT = dwarf;
				ENABLE_STRICT_OBJC_MSGSEND = YES;
				ENABLE_TESTABILITY = YES;
				GCC_C_LANGUAGE_STANDARD = gnu11;
				GCC_DYNAMIC_NO_PIC = NO;
				GCC_NO_COMMON_BLOCKS = YES;
				GCC_OPTIMIZATION_LEVEL = 0;
				GCC_PREPROCESSOR_DEFINITIONS = (
					"DEBUG=1",
					"$(inherited)",
				);
				GCC_WARN_64_TO_32_BIT_CONVERSION = YES;
				GCC_WARN_ABOUT_RETURN_TYPE = YES_ERROR;
				GCC_WARN_UNDECLARED_SELECTOR = YES;
				GCC_WARN_UNINITIALIZED_AUTOS = YES_AGGRESSIVE;
				GCC_WARN_UNUSED_FUNCTION = YES;
				GCC_WARN_UNUSED_VARIABLE = YES;
				IPHONEOS_DEPLOYMENT_TARGET = 16.1;
				MTL_ENABLE_DEBUG_INFO = INCLUDE_SOURCE;
				MTL_FAST_MATH = YES;
				ONLY_ACTIVE_ARCH = YES;
				SDKROOT = iphoneos;
				SWIFT_ACTIVE_COMPILATION_CONDITIONS = DEBUG;
				SWIFT_OPTIMIZATION_LEVEL = "-Onone";
			};
			name = Debug;
		};
		EC51E95A2A72F325001194E1 /* Release */ = {
			isa = XCBuildConfiguration;
			buildSettings = {
				ALWAYS_SEARCH_USER_PATHS = NO;
				CLANG_ANALYZER_NONNULL = YES;
				CLANG_ANALYZER_NUMBER_OBJECT_CONVERSION = YES_AGGRESSIVE;
				CLANG_CXX_LANGUAGE_STANDARD = "gnu++20";
				CLANG_ENABLE_MODULES = YES;
				CLANG_ENABLE_OBJC_ARC = YES;
				CLANG_ENABLE_OBJC_WEAK = YES;
				CLANG_WARN_BLOCK_CAPTURE_AUTORELEASING = YES;
				CLANG_WARN_BOOL_CONVERSION = YES;
				CLANG_WARN_COMMA = YES;
				CLANG_WARN_CONSTANT_CONVERSION = YES;
				CLANG_WARN_DEPRECATED_OBJC_IMPLEMENTATIONS = YES;
				CLANG_WARN_DIRECT_OBJC_ISA_USAGE = YES_ERROR;
				CLANG_WARN_DOCUMENTATION_COMMENTS = YES;
				CLANG_WARN_EMPTY_BODY = YES;
				CLANG_WARN_ENUM_CONVERSION = YES;
				CLANG_WARN_INFINITE_RECURSION = YES;
				CLANG_WARN_INT_CONVERSION = YES;
				CLANG_WARN_NON_LITERAL_NULL_CONVERSION = YES;
				CLANG_WARN_OBJC_IMPLICIT_RETAIN_SELF = YES;
				CLANG_WARN_OBJC_LITERAL_CONVERSION = YES;
				CLANG_WARN_OBJC_ROOT_CLASS = YES_ERROR;
				CLANG_WARN_QUOTED_INCLUDE_IN_FRAMEWORK_HEADER = YES;
				CLANG_WARN_RANGE_LOOP_ANALYSIS = YES;
				CLANG_WARN_STRICT_PROTOTYPES = YES;
				CLANG_WARN_SUSPICIOUS_MOVE = YES;
				CLANG_WARN_UNGUARDED_AVAILABILITY = YES_AGGRESSIVE;
				CLANG_WARN_UNREACHABLE_CODE = YES;
				CLANG_WARN__DUPLICATE_METHOD_MATCH = YES;
				COPY_PHASE_STRIP = NO;
				DEBUG_INFORMATION_FORMAT = "dwarf-with-dsym";
				ENABLE_NS_ASSERTIONS = NO;
				ENABLE_STRICT_OBJC_MSGSEND = YES;
				GCC_C_LANGUAGE_STANDARD = gnu11;
				GCC_NO_COMMON_BLOCKS = YES;
				GCC_WARN_64_TO_32_BIT_CONVERSION = YES;
				GCC_WARN_ABOUT_RETURN_TYPE = YES_ERROR;
				GCC_WARN_UNDECLARED_SELECTOR = YES;
				GCC_WARN_UNINITIALIZED_AUTOS = YES_AGGRESSIVE;
				GCC_WARN_UNUSED_FUNCTION = YES;
				GCC_WARN_UNUSED_VARIABLE = YES;
				IPHONEOS_DEPLOYMENT_TARGET = 16.1;
				MTL_ENABLE_DEBUG_INFO = NO;
				MTL_FAST_MATH = YES;
				SDKROOT = iphoneos;
				SWIFT_COMPILATION_MODE = wholemodule;
				SWIFT_OPTIMIZATION_LEVEL = "-O";
				VALIDATE_PRODUCT = YES;
			};
			name = Release;
		};
		EC51E95C2A72F325001194E1 /* Debug */ = {
			isa = XCBuildConfiguration;
			buildSettings = {
				ASSETCATALOG_COMPILER_APPICON_NAME = AppIcon;
				ASSETCATALOG_COMPILER_GLOBAL_ACCENT_COLOR_NAME = AccentColor;
				CODE_SIGN_STYLE = Automatic;
				CURRENT_PROJECT_VERSION = 1;
				DEVELOPMENT_TEAM = 3KRQW7JR73;
				GENERATE_INFOPLIST_FILE = YES;
				INFOPLIST_FILE = GithubApp/Support/Info.plist;
				INFOPLIST_KEY_UIApplicationSupportsIndirectInputEvents = YES;
				INFOPLIST_KEY_UILaunchStoryboardName = LaunchScreen;
				INFOPLIST_KEY_UISupportedInterfaceOrientations_iPad = "UIInterfaceOrientationPortrait UIInterfaceOrientationPortraitUpsideDown UIInterfaceOrientationLandscapeLeft UIInterfaceOrientationLandscapeRight";
				INFOPLIST_KEY_UISupportedInterfaceOrientations_iPhone = "UIInterfaceOrientationPortrait UIInterfaceOrientationLandscapeLeft UIInterfaceOrientationLandscapeRight";
				LD_RUNPATH_SEARCH_PATHS = (
					"$(inherited)",
					"@executable_path/Frameworks",
				);
				MARKETING_VERSION = 1.0;
				PRODUCT_BUNDLE_IDENTIFIER = enes.GithubApp;
				PRODUCT_NAME = "$(TARGET_NAME)";
				SWIFT_EMIT_LOC_STRINGS = YES;
				SWIFT_VERSION = 5.0;
				TARGETED_DEVICE_FAMILY = "1,2";
			};
			name = Debug;
		};
		EC51E95D2A72F325001194E1 /* Release */ = {
			isa = XCBuildConfiguration;
			buildSettings = {
				ASSETCATALOG_COMPILER_APPICON_NAME = AppIcon;
				ASSETCATALOG_COMPILER_GLOBAL_ACCENT_COLOR_NAME = AccentColor;
				CODE_SIGN_STYLE = Automatic;
				CURRENT_PROJECT_VERSION = 1;
				DEVELOPMENT_TEAM = 3KRQW7JR73;
				GENERATE_INFOPLIST_FILE = YES;
				INFOPLIST_FILE = GithubApp/Support/Info.plist;
				INFOPLIST_KEY_UIApplicationSupportsIndirectInputEvents = YES;
				INFOPLIST_KEY_UILaunchStoryboardName = LaunchScreen;
				INFOPLIST_KEY_UISupportedInterfaceOrientations_iPad = "UIInterfaceOrientationPortrait UIInterfaceOrientationPortraitUpsideDown UIInterfaceOrientationLandscapeLeft UIInterfaceOrientationLandscapeRight";
				INFOPLIST_KEY_UISupportedInterfaceOrientations_iPhone = "UIInterfaceOrientationPortrait UIInterfaceOrientationLandscapeLeft UIInterfaceOrientationLandscapeRight";
				LD_RUNPATH_SEARCH_PATHS = (
					"$(inherited)",
					"@executable_path/Frameworks",
				);
				MARKETING_VERSION = 1.0;
				PRODUCT_BUNDLE_IDENTIFIER = enes.GithubApp;
				PRODUCT_NAME = "$(TARGET_NAME)";
				SWIFT_EMIT_LOC_STRINGS = YES;
				SWIFT_VERSION = 5.0;
				TARGETED_DEVICE_FAMILY = "1,2";
			};
			name = Release;
		};
/* End XCBuildConfiguration section */

/* Begin XCConfigurationList section */
		EC51E9422A72F323001194E1 /* Build configuration list for PBXProject "GithubApp" */ = {
			isa = XCConfigurationList;
			buildConfigurations = (
				EC51E9592A72F325001194E1 /* Debug */,
				EC51E95A2A72F325001194E1 /* Release */,
			);
			defaultConfigurationIsVisible = 0;
			defaultConfigurationName = Release;
		};
		EC51E95B2A72F325001194E1 /* Build configuration list for PBXNativeTarget "GithubApp" */ = {
			isa = XCConfigurationList;
			buildConfigurations = (
				EC51E95C2A72F325001194E1 /* Debug */,
				EC51E95D2A72F325001194E1 /* Release */,
			);
			defaultConfigurationIsVisible = 0;
			defaultConfigurationName = Release;
		};
/* End XCConfigurationList section */

/* Begin XCRemoteSwiftPackageReference section */
		EC51E9872A745789001194E1 /* XCRemoteSwiftPackageReference "SnapKit" */ = {
			isa = XCRemoteSwiftPackageReference;
			repositoryURL = "https://github.com/SnapKit/SnapKit.git";
			requirement = {
				kind = upToNextMajorVersion;
				minimumVersion = 5.0.0;
			};
		};
/* End XCRemoteSwiftPackageReference section */

/* Begin XCSwiftPackageProductDependency section */
		EC51E9882A745789001194E1 /* SnapKit */ = {
			isa = XCSwiftPackageProductDependency;
			package = EC51E9872A745789001194E1 /* XCRemoteSwiftPackageReference "SnapKit" */;
			productName = SnapKit;
		};
/* End XCSwiftPackageProductDependency section */
	};
	rootObject = EC51E93F2A72F323001194E1 /* Project object */;
}
